
Microsoft Visual Studio Solution File, Format Version 12.00
# Visual Studio Version 16
VisualStudioVersion = 16.0.31624.102
MinimumVisualStudioVersion = 10.0.40219.1
Project("{FAE04EC0-301F-11D3-BF4B-00C04F79EFBC}") = "MyMovieApp", "MyMovieApp\MyMovieApp.csproj", "{51585284-72A4-487D-93D0-208DC920BCFD}"
EndProject
Project("{FAE04EC0-301F-11D3-BF4B-00C04F79EFBC}") = "MyMovieLibrary", "MyMovieLibrary\MyMovieLibrary.csproj", "{95925BCD-436C-49D1-867B-6D37901DECB5}"
EndProject
Project("{FAE04EC0-301F-11D3-BF4B-00C04F79EFBC}") = "MyMovieBusiness", "MyMovieBusiness\MyMovieBusiness.csproj", "{E323A3F2-4FF8-441C-96AA-D4354CDA6166}"
EndProject
Global
	GlobalSection(SolutionConfigurationPlatforms) = preSolution
		Debug|Any CPU = Debug|Any CPU
		Release|Any CPU = Release|Any CPU
	EndGlobalSection
	GlobalSection(ProjectConfigurationPlatforms) = postSolution
		{51585284-72A4-487D-93D0-208DC920BCFD}.Debug|Any CPU.ActiveCfg = Debug|Any CPU
		{51585284-72A4-487D-93D0-208DC920BCFD}.Debug|Any CPU.Build.0 = Debug|Any CPU
		{51585284-72A4-487D-93D0-208DC920BCFD}.Release|Any CPU.ActiveCfg = Release|Any CPU
		{51585284-72A4-487D-93D0-208DC920BCFD}.Release|Any CPU.Build.0 = Release|Any CPU
		{95925BCD-436C-49D1-867B-6D37901DECB5}.Debug|Any CPU.ActiveCfg = Debug|Any CPU
		{95925BCD-436C-49D1-867B-6D37901DECB5}.Debug|Any CPU.Build.0 = Debug|Any CPU
		{95925BCD-436C-49D1-867B-6D37901DECB5}.Release|Any CPU.ActiveCfg = Release|Any CPU
		{95925BCD-436C-49D1-867B-6D37901DECB5}.Release|Any CPU.Build.0 = Release|Any CPU
		{E323A3F2-4FF8-441C-96AA-D4354CDA6166}.Debug|Any CPU.ActiveCfg = Debug|Any CPU
		{E323A3F2-4FF8-441C-96AA-D4354CDA6166}.Debug|Any CPU.Build.0 = Debug|Any CPU
		{E323A3F2-4FF8-441C-96AA-D4354CDA6166}.Release|Any CPU.ActiveCfg = Release|Any CPU
		{E323A3F2-4FF8-441C-96AA-D4354CDA6166}.Release|Any CPU.Build.0 = Release|Any CPU
	EndGlobalSection
	GlobalSection(SolutionProperties) = preSolution
		HideSolutionNode = FALSE
	EndGlobalSection
	GlobalSection(ExtensibilityGlobals) = postSolution
		SolutionGuid = {BC57C416-2431-4BD5-A691-9D161A5C1E7F}
	EndGlobalSection
EndGlobal
